
Microsoft Visual Studio Solution File, Format Version 12.00
# Visual Studio 14
VisualStudioVersion = 14.0.25420.1
MinimumVisualStudioVersion = 10.0.40219.1
Project("{FAE04EC0-301F-11D3-BF4B-00C04F79EFBC}") = "LearnEnglish", "LearnEnglish\LearnEnglish.csproj", "{528FDF7C-84C0-4175-B9C2-3D4C444D42FF}"
EndProject
Project("{FAE04EC0-301F-11D3-BF4B-00C04F79EFBC}") = "MongoDbTest", "MongoDbTest\MongoDbTest.csproj", "{6AB5AACF-51CE-40BB-A580-5CABB8176AA9}"
EndProject
Global
	GlobalSection(SolutionConfigurationPlatforms) = preSolution
		Debug|Any CPU = Debug|Any CPU
		Release|Any CPU = Release|Any CPU
	EndGlobalSection
	GlobalSection(ProjectConfigurationPlatforms) = postSolution
		{528FDF7C-84C0-4175-B9C2-3D4C444D42FF}.Debug|Any CPU.ActiveCfg = Debug|Any CPU
		{528FDF7C-84C0-4175-B9C2-3D4C444D42FF}.Debug|Any CPU.Build.0 = Debug|Any CPU
		{528FDF7C-84C0-4175-B9C2-3D4C444D42FF}.Release|Any CPU.ActiveCfg = Release|Any CPU
		{528FDF7C-84C0-4175-B9C2-3D4C444D42FF}.Release|Any CPU.Build.0 = Release|Any CPU
		{6AB5AACF-51CE-40BB-A580-5CABB8176AA9}.Debug|Any CPU.ActiveCfg = Debug|Any CPU
		{6AB5AACF-51CE-40BB-A580-5CABB8176AA9}.Debug|Any CPU.Build.0 = Debug|Any CPU
		{6AB5AACF-51CE-40BB-A580-5CABB8176AA9}.Release|Any CPU.ActiveCfg = Release|Any CPU
		{6AB5AACF-51CE-40BB-A580-5CABB8176AA9}.Release|Any CPU.Build.0 = Release|Any CPU
	EndGlobalSection
	GlobalSection(SolutionProperties) = preSolution
		HideSolutionNode = FALSE
	EndGlobalSection
EndGlobal
